
Microsoft Visual Studio Solution File, Format Version 12.00
Project("{FAE04EC0-301F-11D3-BF4B-00C04F79EFBC}") = "Domain", "Domain\Domain.csproj", "{FE0081A9-9930-437E-A87B-748F59C92729}"
EndProject
Project("{FAE04EC0-301F-11D3-BF4B-00C04F79EFBC}") = "DAL", "DAL\DAL.csproj", "{94571AEF-AB08-43EA-A848-43BA58CD2016}"
EndProject
Project("{FAE04EC0-301F-11D3-BF4B-00C04F79EFBC}") = "BLL", "BLL\BLL.csproj", "{942B81E7-FC0E-4D7E-B2D6-DF1BB3F40D90}"
EndProject
Project("{FAE04EC0-301F-11D3-BF4B-00C04F79EFBC}") = "API", "API\API.csproj", "{C52C5B79-CE5C-4812-B7D6-DD421D85BE3E}"
EndProject
Project("{FAE04EC0-301F-11D3-BF4B-00C04F79EFBC}") = "Tests", "Tests\Tests.csproj", "{5FB47403-922D-4F61-8EAC-8D53F6145759}"
EndProject
Global
	GlobalSection(SolutionConfigurationPlatforms) = preSolution
		Debug|Any CPU = Debug|Any CPU
		Release|Any CPU = Release|Any CPU
	EndGlobalSection
	GlobalSection(ProjectConfigurationPlatforms) = postSolution
		{FE0081A9-9930-437E-A87B-748F59C92729}.Debug|Any CPU.ActiveCfg = Debug|Any CPU
		{FE0081A9-9930-437E-A87B-748F59C92729}.Debug|Any CPU.Build.0 = Debug|Any CPU
		{FE0081A9-9930-437E-A87B-748F59C92729}.Release|Any CPU.ActiveCfg = Release|Any CPU
		{FE0081A9-9930-437E-A87B-748F59C92729}.Release|Any CPU.Build.0 = Release|Any CPU
		{94571AEF-AB08-43EA-A848-43BA58CD2016}.Debug|Any CPU.ActiveCfg = Debug|Any CPU
		{94571AEF-AB08-43EA-A848-43BA58CD2016}.Debug|Any CPU.Build.0 = Debug|Any CPU
		{94571AEF-AB08-43EA-A848-43BA58CD2016}.Release|Any CPU.ActiveCfg = Release|Any CPU
		{94571AEF-AB08-43EA-A848-43BA58CD2016}.Release|Any CPU.Build.0 = Release|Any CPU
		{942B81E7-FC0E-4D7E-B2D6-DF1BB3F40D90}.Debug|Any CPU.ActiveCfg = Debug|Any CPU
		{942B81E7-FC0E-4D7E-B2D6-DF1BB3F40D90}.Debug|Any CPU.Build.0 = Debug|Any CPU
		{942B81E7-FC0E-4D7E-B2D6-DF1BB3F40D90}.Release|Any CPU.ActiveCfg = Release|Any CPU
		{942B81E7-FC0E-4D7E-B2D6-DF1BB3F40D90}.Release|Any CPU.Build.0 = Release|Any CPU
		{FF19306A-1A89-4D35-90C9-8896F9450594}.Debug|Any CPU.ActiveCfg = Debug|Any CPU
		{FF19306A-1A89-4D35-90C9-8896F9450594}.Debug|Any CPU.Build.0 = Debug|Any CPU
		{FF19306A-1A89-4D35-90C9-8896F9450594}.Release|Any CPU.ActiveCfg = Release|Any CPU
		{FF19306A-1A89-4D35-90C9-8896F9450594}.Release|Any CPU.Build.0 = Release|Any CPU
		{C52C5B79-CE5C-4812-B7D6-DD421D85BE3E}.Debug|Any CPU.ActiveCfg = Debug|Any CPU
		{C52C5B79-CE5C-4812-B7D6-DD421D85BE3E}.Debug|Any CPU.Build.0 = Debug|Any CPU
		{C52C5B79-CE5C-4812-B7D6-DD421D85BE3E}.Release|Any CPU.ActiveCfg = Release|Any CPU
		{C52C5B79-CE5C-4812-B7D6-DD421D85BE3E}.Release|Any CPU.Build.0 = Release|Any CPU
		{5FB47403-922D-4F61-8EAC-8D53F6145759}.Debug|Any CPU.ActiveCfg = Debug|Any CPU
		{5FB47403-922D-4F61-8EAC-8D53F6145759}.Debug|Any CPU.Build.0 = Debug|Any CPU
		{5FB47403-922D-4F61-8EAC-8D53F6145759}.Release|Any CPU.ActiveCfg = Release|Any CPU
		{5FB47403-922D-4F61-8EAC-8D53F6145759}.Release|Any CPU.Build.0 = Release|Any CPU
	EndGlobalSection
EndGlobal
